// !$*UTF8*$!
{
	archiveVersion = 1;
	classes = {
	};
	objectVersion = 56;
	objects = {

/* Begin PBXBuildFile section */
		017D53E92CA7D36F00EFA815 /* AppDelegate.swift in Sources */ = {isa = PBXBuildFile; fileRef = 017D53E82CA7D36F00EFA815 /* AppDelegate.swift */; };
		017D53EB2CA7D36F00EFA815 /* SceneDelegate.swift in Sources */ = {isa = PBXBuildFile; fileRef = 017D53EA2CA7D36F00EFA815 /* SceneDelegate.swift */; };
		017D53ED2CA7D36F00EFA815 /* HomeVC.swift in Sources */ = {isa = PBXBuildFile; fileRef = 017D53EC2CA7D36F00EFA815 /* HomeVC.swift */; };
		017D53F22CA7D37100EFA815 /* Assets.xcassets in Resources */ = {isa = PBXBuildFile; fileRef = 017D53F12CA7D37100EFA815 /* Assets.xcassets */; };
		017D53F52CA7D37100EFA815 /* Base in Resources */ = {isa = PBXBuildFile; fileRef = 017D53F42CA7D37100EFA815 /* Base */; };
		017D53FD2CA7D44D00EFA815 /* TabController.swift in Sources */ = {isa = PBXBuildFile; fileRef = 017D53FC2CA7D44D00EFA815 /* TabController.swift */; };
		017D54002CA7D50C00EFA815 /* TemplateVC.swift in Sources */ = {isa = PBXBuildFile; fileRef = 017D53FF2CA7D50C00EFA815 /* TemplateVC.swift */; };
		017D54022CA7D9FC00EFA815 /* SendRequestVC.swift in Sources */ = {isa = PBXBuildFile; fileRef = 017D54012CA7D9FC00EFA815 /* SendRequestVC.swift */; };
		017D54042CA7E18200EFA815 /* RequestStore.swift in Sources */ = {isa = PBXBuildFile; fileRef = 017D54032CA7E18200EFA815 /* RequestStore.swift */; };
		017D54092CA7E2DC00EFA815 /* RequestFetcherStore.swift in Sources */ = {isa = PBXBuildFile; fileRef = 017D54082CA7E2DC00EFA815 /* RequestFetcherStore.swift */; };
		017D540B2CA7F53B00EFA815 /* README.md in Resources */ = {isa = PBXBuildFile; fileRef = 017D540A2CA7F53B00EFA815 /* README.md */; };
		017D540D2CA7F55B00EFA815 /* .gitignore in Resources */ = {isa = PBXBuildFile; fileRef = 017D540C2CA7F55B00EFA815 /* .gitignore */; };
/* End PBXBuildFile section */

/* Begin PBXFileReference section */
		017D53E52CA7D36F00EFA815 /* Timer01.app */ = {isa = PBXFileReference; explicitFileType = wrapper.application; includeInIndex = 0; path = Timer01.app; sourceTree = BUILT_PRODUCTS_DIR; };
		017D53E82CA7D36F00EFA815 /* AppDelegate.swift */ = {isa = PBXFileReference; lastKnownFileType = sourcecode.swift; path = AppDelegate.swift; sourceTree = "<group>"; };
		017D53EA2CA7D36F00EFA815 /* SceneDelegate.swift */ = {isa = PBXFileReference; lastKnownFileType = sourcecode.swift; path = SceneDelegate.swift; sourceTree = "<group>"; };
		017D53EC2CA7D36F00EFA815 /* HomeVC.swift */ = {isa = PBXFileReference; lastKnownFileType = sourcecode.swift; path = HomeVC.swift; sourceTree = "<group>"; };
		017D53F12CA7D37100EFA815 /* Assets.xcassets */ = {isa = PBXFileReference; lastKnownFileType = folder.assetcatalog; path = Assets.xcassets; sourceTree = "<group>"; };
		017D53F42CA7D37100EFA815 /* Base */ = {isa = PBXFileReference; lastKnownFileType = file.storyboard; name = Base; path = Base.lproj/LaunchScreen.storyboard; sourceTree = "<group>"; };
		017D53F62CA7D37100EFA815 /* Info.plist */ = {isa = PBXFileReference; lastKnownFileType = text.plist.xml; path = Info.plist; sourceTree = "<group>"; };
		017D53FC2CA7D44D00EFA815 /* TabController.swift */ = {isa = PBXFileReference; fileEncoding = 4; lastKnownFileType = sourcecode.swift; path = TabController.swift; sourceTree = "<group>"; };
		017D53FF2CA7D50C00EFA815 /* TemplateVC.swift */ = {isa = PBXFileReference; lastKnownFileType = sourcecode.swift; path = TemplateVC.swift; sourceTree = "<group>"; };
		017D54012CA7D9FC00EFA815 /* SendRequestVC.swift */ = {isa = PBXFileReference; lastKnownFileType = sourcecode.swift; path = SendRequestVC.swift; sourceTree = "<group>"; };
		017D54032CA7E18200EFA815 /* RequestStore.swift */ = {isa = PBXFileReference; lastKnownFileType = sourcecode.swift; path = RequestStore.swift; sourceTree = "<group>"; };
		017D54082CA7E2DC00EFA815 /* RequestFetcherStore.swift */ = {isa = PBXFileReference; lastKnownFileType = sourcecode.swift; path = RequestFetcherStore.swift; sourceTree = "<group>"; };
		017D540A2CA7F53B00EFA815 /* README.md */ = {isa = PBXFileReference; fileEncoding = 4; lastKnownFileType = net.daringfireball.markdown; path = README.md; sourceTree = "<group>"; };
		017D540C2CA7F55B00EFA815 /* .gitignore */ = {isa = PBXFileReference; fileEncoding = 4; lastKnownFileType = text; path = .gitignore; sourceTree = "<group>"; };
/* End PBXFileReference section */

/* Begin PBXFrameworksBuildPhase section */
		017D53E22CA7D36F00EFA815 /* Frameworks */ = {
			isa = PBXFrameworksBuildPhase;
			buildActionMask = 2147483647;
			files = (
			);
			runOnlyForDeploymentPostprocessing = 0;
		};
/* End PBXFrameworksBuildPhase section */

/* Begin PBXGroup section */
		017D53DC2CA7D36F00EFA815 = {
			isa = PBXGroup;
			children = (
				017D540A2CA7F53B00EFA815 /* README.md */,
				017D540C2CA7F55B00EFA815 /* .gitignore */,
				017D53E72CA7D36F00EFA815 /* Timer01 */,
				017D53E62CA7D36F00EFA815 /* Products */,
			);
			sourceTree = "<group>";
		};
		017D53E62CA7D36F00EFA815 /* Products */ = {
			isa = PBXGroup;
			children = (
				017D53E52CA7D36F00EFA815 /* Timer01.app */,
			);
			name = Products;
			sourceTree = "<group>";
		};
		017D53E72CA7D36F00EFA815 /* Timer01 */ = {
			isa = PBXGroup;
			children = (
				017D53FC2CA7D44D00EFA815 /* TabController.swift */,
				017D53EC2CA7D36F00EFA815 /* HomeVC.swift */,
				017D54012CA7D9FC00EFA815 /* SendRequestVC.swift */,
				017D53FF2CA7D50C00EFA815 /* TemplateVC.swift */,
				017D54052CA7E1E500EFA815 /* Stores */,
				017D53FE2CA7D4DC00EFA815 /* Supporting */,
				017D53F62CA7D37100EFA815 /* Info.plist */,
			);
			path = Timer01;
			sourceTree = "<group>";
		};
		017D53FE2CA7D4DC00EFA815 /* Supporting */ = {
			isa = PBXGroup;
			children = (
				017D53E82CA7D36F00EFA815 /* AppDelegate.swift */,
				017D53EA2CA7D36F00EFA815 /* SceneDelegate.swift */,
				017D53F12CA7D37100EFA815 /* Assets.xcassets */,
				017D53F32CA7D37100EFA815 /* LaunchScreen.storyboard */,
			);
			path = Supporting;
			sourceTree = "<group>";
		};
		017D54052CA7E1E500EFA815 /* Stores */ = {
			isa = PBXGroup;
			children = (
				017D54032CA7E18200EFA815 /* RequestStore.swift */,
				017D54082CA7E2DC00EFA815 /* RequestFetcherStore.swift */,
			);
			path = Stores;
			sourceTree = "<group>";
		};
/* End PBXGroup section */

/* Begin PBXNativeTarget section */
		017D53E42CA7D36F00EFA815 /* Timer01 */ = {
			isa = PBXNativeTarget;
			buildConfigurationList = 017D53F92CA7D37100EFA815 /* Build configuration list for PBXNativeTarget "Timer01" */;
			buildPhases = (
				017D53E12CA7D36F00EFA815 /* Sources */,
				017D53E22CA7D36F00EFA815 /* Frameworks */,
				017D53E32CA7D36F00EFA815 /* Resources */,
			);
			buildRules = (
			);
			dependencies = (
			);
			name = Timer01;
			productName = Timer01;
			productReference = 017D53E52CA7D36F00EFA815 /* Timer01.app */;
			productType = "com.apple.product-type.application";
		};
/* End PBXNativeTarget section */

/* Begin PBXProject section */
		017D53DD2CA7D36F00EFA815 /* Project object */ = {
			isa = PBXProject;
			attributes = {
				BuildIndependentTargetsInParallel = 1;
				LastSwiftUpdateCheck = 1540;
				LastUpgradeCheck = 1540;
				TargetAttributes = {
					017D53E42CA7D36F00EFA815 = {
						CreatedOnToolsVersion = 15.4;
					};
				};
			};
			buildConfigurationList = 017D53E02CA7D36F00EFA815 /* Build configuration list for PBXProject "Timer01" */;
			compatibilityVersion = "Xcode 14.0";
			developmentRegion = en;
			hasScannedForEncodings = 0;
			knownRegions = (
				en,
				Base,
			);
			mainGroup = 017D53DC2CA7D36F00EFA815;
			productRefGroup = 017D53E62CA7D36F00EFA815 /* Products */;
			projectDirPath = "";
			projectRoot = "";
			targets = (
				017D53E42CA7D36F00EFA815 /* Timer01 */,
			);
		};
/* End PBXProject section */

/* Begin PBXResourcesBuildPhase section */
		017D53E32CA7D36F00EFA815 /* Resources */ = {
			isa = PBXResourcesBuildPhase;
			buildActionMask = 2147483647;
			files = (
				017D540D2CA7F55B00EFA815 /* .gitignore in Resources */,
				017D540B2CA7F53B00EFA815 /* README.md in Resources */,
				017D53F22CA7D37100EFA815 /* Assets.xcassets in Resources */,
				017D53F52CA7D37100EFA815 /* Base in Resources */,
			);
			runOnlyForDeploymentPostprocessing = 0;
		};
/* End PBXResourcesBuildPhase section */

/* Begin PBXSourcesBuildPhase section */
		017D53E12CA7D36F00EFA815 /* Sources */ = {
			isa = PBXSourcesBuildPhase;
			buildActionMask = 2147483647;
			files = (
				017D54042CA7E18200EFA815 /* RequestStore.swift in Sources */,
				017D54092CA7E2DC00EFA815 /* RequestFetcherStore.swift in Sources */,
				017D54022CA7D9FC00EFA815 /* SendRequestVC.swift in Sources */,
				017D53ED2CA7D36F00EFA815 /* HomeVC.swift in Sources */,
				017D53FD2CA7D44D00EFA815 /* TabController.swift in Sources */,
				017D54002CA7D50C00EFA815 /* TemplateVC.swift in Sources */,
				017D53E92CA7D36F00EFA815 /* AppDelegate.swift in Sources */,
				017D53EB2CA7D36F00EFA815 /* SceneDelegate.swift in Sources */,
			);
			runOnlyForDeploymentPostprocessing = 0;
		};
/* End PBXSourcesBuildPhase section */

/* Begin PBXVariantGroup section */
		017D53F32CA7D37100EFA815 /* LaunchScreen.storyboard */ = {
			isa = PBXVariantGroup;
			children = (
				017D53F42CA7D37100EFA815 /* Base */,
			);
			name = LaunchScreen.storyboard;
			sourceTree = "<group>";
		};
/* End PBXVariantGroup section */

/* Begin XCBuildConfiguration section */
		017D53F72CA7D37100EFA815 /* Debug */ = {
			isa = XCBuildConfiguration;
			buildSettings = {
				ALWAYS_SEARCH_USER_PATHS = NO;
				ASSETCATALOG_COMPILER_GENERATE_SWIFT_ASSET_SYMBOL_EXTENSIONS = YES;
				CLANG_ANALYZER_NONNULL = YES;
				CLANG_ANALYZER_NUMBER_OBJECT_CONVERSION = YES_AGGRESSIVE;
				CLANG_CXX_LANGUAGE_STANDARD = "gnu++20";
				CLANG_ENABLE_MODULES = YES;
				CLANG_ENABLE_OBJC_ARC = YES;
				CLANG_ENABLE_OBJC_WEAK = YES;
				CLANG_WARN_BLOCK_CAPTURE_AUTORELEASING = YES;
				CLANG_WARN_BOOL_CONVERSION = YES;
				CLANG_WARN_COMMA = YES;
				CLANG_WARN_CONSTANT_CONVERSION = YES;
				CLANG_WARN_DEPRECATED_OBJC_IMPLEMENTATIONS = YES;
				CLANG_WARN_DIRECT_OBJC_ISA_USAGE = YES_ERROR;
				CLANG_WARN_DOCUMENTATION_COMMENTS = YES;
				CLANG_WARN_EMPTY_BODY = YES;
				CLANG_WARN_ENUM_CONVERSION = YES;
				CLANG_WARN_INFINITE_RECURSION = YES;
				CLANG_WARN_INT_CONVERSION = YES;
				CLANG_WARN_NON_LITERAL_NULL_CONVERSION = YES;
				CLANG_WARN_OBJC_IMPLICIT_RETAIN_SELF = YES;
				CLANG_WARN_OBJC_LITERAL_CONVERSION = YES;
				CLANG_WARN_OBJC_ROOT_CLASS = YES_ERROR;
				CLANG_WARN_QUOTED_INCLUDE_IN_FRAMEWORK_HEADER = YES;
				CLANG_WARN_RANGE_LOOP_ANALYSIS = YES;
				CLANG_WARN_STRICT_PROTOTYPES = YES;
				CLANG_WARN_SUSPICIOUS_MOVE = YES;
				CLANG_WARN_UNGUARDED_AVAILABILITY = YES_AGGRESSIVE;
				CLANG_WARN_UNREACHABLE_CODE = YES;
				CLANG_WARN__DUPLICATE_METHOD_MATCH = YES;
				COPY_PHASE_STRIP = NO;
				DEBUG_INFORMATION_FORMAT = dwarf;
				ENABLE_STRICT_OBJC_MSGSEND = YES;
				ENABLE_TESTABILITY = YES;
				ENABLE_USER_SCRIPT_SANDBOXING = YES;
				GCC_C_LANGUAGE_STANDARD = gnu17;
				GCC_DYNAMIC_NO_PIC = NO;
				GCC_NO_COMMON_BLOCKS = YES;
				GCC_OPTIMIZATION_LEVEL = 0;
				GCC_PREPROCESSOR_DEFINITIONS = (
					"DEBUG=1",
					"$(inherited)",
				);
				GCC_WARN_64_TO_32_BIT_CONVERSION = YES;
				GCC_WARN_ABOUT_RETURN_TYPE = YES_ERROR;
				GCC_WARN_UNDECLARED_SELECTOR = YES;
				GCC_WARN_UNINITIALIZED_AUTOS = YES_AGGRESSIVE;
				GCC_WARN_UNUSED_FUNCTION = YES;
				GCC_WARN_UNUSED_VARIABLE = YES;
				IPHONEOS_DEPLOYMENT_TARGET = 17.5;
				LOCALIZATION_PREFERS_STRING_CATALOGS = YES;
				MTL_ENABLE_DEBUG_INFO = INCLUDE_SOURCE;
				MTL_FAST_MATH = YES;
				ONLY_ACTIVE_ARCH = YES;
				SDKROOT = iphoneos;
				SWIFT_ACTIVE_COMPILATION_CONDITIONS = "DEBUG $(inherited)";
				SWIFT_OPTIMIZATION_LEVEL = "-Onone";
			};
			name = Debug;
		};
		017D53F82CA7D37100EFA815 /* Release */ = {
			isa = XCBuildConfiguration;
			buildSettings = {
				ALWAYS_SEARCH_USER_PATHS = NO;
				ASSETCATALOG_COMPILER_GENERATE_SWIFT_ASSET_SYMBOL_EXTENSIONS = YES;
				CLANG_ANALYZER_NONNULL = YES;
				CLANG_ANALYZER_NUMBER_OBJECT_CONVERSION = YES_AGGRESSIVE;
				CLANG_CXX_LANGUAGE_STANDARD = "gnu++20";
				CLANG_ENABLE_MODULES = YES;
				CLANG_ENABLE_OBJC_ARC = YES;
				CLANG_ENABLE_OBJC_WEAK = YES;
				CLANG_WARN_BLOCK_CAPTURE_AUTORELEASING = YES;
				CLANG_WARN_BOOL_CONVERSION = YES;
				CLANG_WARN_COMMA = YES;
				CLANG_WARN_CONSTANT_CONVERSION = YES;
				CLANG_WARN_DEPRECATED_OBJC_IMPLEMENTATIONS = YES;
				CLANG_WARN_DIRECT_OBJC_ISA_USAGE = YES_ERROR;
				CLANG_WARN_DOCUMENTATION_COMMENTS = YES;
				CLANG_WARN_EMPTY_BODY = YES;
				CLANG_WARN_ENUM_CONVERSION = YES;
				CLANG_WARN_INFINITE_RECURSION = YES;
				CLANG_WARN_INT_CONVERSION = YES;
				CLANG_WARN_NON_LITERAL_NULL_CONVERSION = YES;
				CLANG_WARN_OBJC_IMPLICIT_RETAIN_SELF = YES;
				CLANG_WARN_OBJC_LITERAL_CONVERSION = YES;
				CLANG_WARN_OBJC_ROOT_CLASS = YES_ERROR;
				CLANG_WARN_QUOTED_INCLUDE_IN_FRAMEWORK_HEADER = YES;
				CLANG_WARN_RANGE_LOOP_ANALYSIS = YES;
				CLANG_WARN_STRICT_PROTOTYPES = YES;
				CLANG_WARN_SUSPICIOUS_MOVE = YES;
				CLANG_WARN_UNGUARDED_AVAILABILITY = YES_AGGRESSIVE;
				CLANG_WARN_UNREACHABLE_CODE = YES;
				CLANG_WARN__DUPLICATE_METHOD_MATCH = YES;
				COPY_PHASE_STRIP = NO;
				DEBUG_INFORMATION_FORMAT = "dwarf-with-dsym";
				ENABLE_NS_ASSERTIONS = NO;
				ENABLE_STRICT_OBJC_MSGSEND = YES;
				ENABLE_USER_SCRIPT_SANDBOXING = YES;
				GCC_C_LANGUAGE_STANDARD = gnu17;
				GCC_NO_COMMON_BLOCKS = YES;
				GCC_WARN_64_TO_32_BIT_CONVERSION = YES;
				GCC_WARN_ABOUT_RETURN_TYPE = YES_ERROR;
				GCC_WARN_UNDECLARED_SELECTOR = YES;
				GCC_WARN_UNINITIALIZED_AUTOS = YES_AGGRESSIVE;
				GCC_WARN_UNUSED_FUNCTION = YES;
				GCC_WARN_UNUSED_VARIABLE = YES;
				IPHONEOS_DEPLOYMENT_TARGET = 17.5;
				LOCALIZATION_PREFERS_STRING_CATALOGS = YES;
				MTL_ENABLE_DEBUG_INFO = NO;
				MTL_FAST_MATH = YES;
				SDKROOT = iphoneos;
				SWIFT_COMPILATION_MODE = wholemodule;
				VALIDATE_PRODUCT = YES;
			};
			name = Release;
		};
		017D53FA2CA7D37100EFA815 /* Debug */ = {
			isa = XCBuildConfiguration;
			buildSettings = {
				ASSETCATALOG_COMPILER_APPICON_NAME = AppIcon;
				ASSETCATALOG_COMPILER_GLOBAL_ACCENT_COLOR_NAME = AccentColor;
				CODE_SIGN_STYLE = Automatic;
				CURRENT_PROJECT_VERSION = 1;
				DEVELOPMENT_TEAM = GL5QL25H5M;
				GENERATE_INFOPLIST_FILE = YES;
				INFOPLIST_FILE = Timer01/Info.plist;
				INFOPLIST_KEY_UIApplicationSupportsIndirectInputEvents = YES;
				INFOPLIST_KEY_UILaunchStoryboardName = LaunchScreen;
				INFOPLIST_KEY_UISupportedInterfaceOrientations_iPad = "UIInterfaceOrientationPortrait UIInterfaceOrientationPortraitUpsideDown UIInterfaceOrientationLandscapeLeft UIInterfaceOrientationLandscapeRight";
				INFOPLIST_KEY_UISupportedInterfaceOrientations_iPhone = "UIInterfaceOrientationPortrait UIInterfaceOrientationLandscapeLeft UIInterfaceOrientationLandscapeRight";
				LD_RUNPATH_SEARCH_PATHS = (
					"$(inherited)",
					"@executable_path/Frameworks",
				);
				MARKETING_VERSION = 1.0;
				PRODUCT_BUNDLE_IDENTIFIER = "info.nick-rodriguez.Timer01";
				PRODUCT_NAME = "$(TARGET_NAME)";
				SWIFT_EMIT_LOC_STRINGS = YES;
				SWIFT_VERSION = 5.0;
				TARGETED_DEVICE_FAMILY = "1,2";
			};
			name = Debug;
		};
		017D53FB2CA7D37100EFA815 /* Release */ = {
			isa = XCBuildConfiguration;
			buildSettings = {
				ASSETCATALOG_COMPILER_APPICON_NAME = AppIcon;
				ASSETCATALOG_COMPILER_GLOBAL_ACCENT_COLOR_NAME = AccentColor;
				CODE_SIGN_STYLE = Automatic;
				CURRENT_PROJECT_VERSION = 1;
				DEVELOPMENT_TEAM = GL5QL25H5M;
				GENERATE_INFOPLIST_FILE = YES;
				INFOPLIST_FILE = Timer01/Info.plist;
				INFOPLIST_KEY_UIApplicationSupportsIndirectInputEvents = YES;
				INFOPLIST_KEY_UILaunchStoryboardName = LaunchScreen;
				INFOPLIST_KEY_UISupportedInterfaceOrientations_iPad = "UIInterfaceOrientationPortrait UIInterfaceOrientationPortraitUpsideDown UIInterfaceOrientationLandscapeLeft UIInterfaceOrientationLandscapeRight";
				INFOPLIST_KEY_UISupportedInterfaceOrientations_iPhone = "UIInterfaceOrientationPortrait UIInterfaceOrientationLandscapeLeft UIInterfaceOrientationLandscapeRight";
				LD_RUNPATH_SEARCH_PATHS = (
					"$(inherited)",
					"@executable_path/Frameworks",
				);
				MARKETING_VERSION = 1.0;
				PRODUCT_BUNDLE_IDENTIFIER = "info.nick-rodriguez.Timer01";
				PRODUCT_NAME = "$(TARGET_NAME)";
				SWIFT_EMIT_LOC_STRINGS = YES;
				SWIFT_VERSION = 5.0;
				TARGETED_DEVICE_FAMILY = "1,2";
			};
			name = Release;
		};
/* End XCBuildConfiguration section */

/* Begin XCConfigurationList section */
		017D53E02CA7D36F00EFA815 /* Build configuration list for PBXProject "Timer01" */ = {
			isa = XCConfigurationList;
			buildConfigurations = (
				017D53F72CA7D37100EFA815 /* Debug */,
				017D53F82CA7D37100EFA815 /* Release */,
			);
			defaultConfigurationIsVisible = 0;
			defaultConfigurationName = Release;
		};
		017D53F92CA7D37100EFA815 /* Build configuration list for PBXNativeTarget "Timer01" */ = {
			isa = XCConfigurationList;
			buildConfigurations = (
				017D53FA2CA7D37100EFA815 /* Debug */,
				017D53FB2CA7D37100EFA815 /* Release */,
			);
			defaultConfigurationIsVisible = 0;
			defaultConfigurationName = Release;
		};
/* End XCConfigurationList section */
	};
	rootObject = 017D53DD2CA7D36F00EFA815 /* Project object */;
}
